
Microsoft Visual Studio Solution File, Format Version 12.00
# Visual Studio Version 17
VisualStudioVersion = 17.4.33205.214
MinimumVisualStudioVersion = 10.0.40219.1
Project("{FAE04EC0-301F-11D3-BF4B-00C04F79EFBC}") = "TimeWatcher", "TimeWatcher.csproj", "{13AD58CD-E8E4-467A-BD10-ED64C7A272A5}"
EndProject
Global
	GlobalSection(SolutionConfigurationPlatforms) = preSolution
		Debug|Any CPU = Debug|Any CPU
		Release|Any CPU = Release|Any CPU
	EndGlobalSection
	GlobalSection(ProjectConfigurationPlatforms) = postSolution
		{13AD58CD-E8E4-467A-BD10-ED64C7A272A5}.Debug|Any CPU.ActiveCfg = Debug|Any CPU
		{13AD58CD-E8E4-467A-BD10-ED64C7A272A5}.Debug|Any CPU.Build.0 = Debug|Any CPU
		{13AD58CD-E8E4-467A-BD10-ED64C7A272A5}.Release|Any CPU.ActiveCfg = Release|Any CPU
		{13AD58CD-E8E4-467A-BD10-ED64C7A272A5}.Release|Any CPU.Build.0 = Release|Any CPU
	EndGlobalSection
	GlobalSection(SolutionProperties) = preSolution
		HideSolutionNode = FALSE
	EndGlobalSection
	GlobalSection(ExtensibilityGlobals) = postSolution
		SolutionGuid = {42069A75-C40E-457C-A066-437C11AAF2FB}
	EndGlobalSection
EndGlobal
